
Microsoft Visual Studio Solution File, Format Version 12.00
# Visual Studio Version 16
VisualStudioVersion = 16.0.31515.178
MinimumVisualStudioVersion = 10.0.40219.1
Project("{FAE04EC0-301F-11D3-BF4B-00C04F79EFBC}") = "KerwisShader", "KerwisShader.csproj", "{1E10FF53-274B-44AC-B326-7F56CCB834A9}"
EndProject
Global
	GlobalSection(SolutionConfigurationPlatforms) = preSolution
		Debug|Any CPU = Debug|Any CPU
		Release|Any CPU = Release|Any CPU
	EndGlobalSection
	GlobalSection(ProjectConfigurationPlatforms) = postSolution
		{1E10FF53-274B-44AC-B326-7F56CCB834A9}.Debug|Any CPU.ActiveCfg = Debug|Any CPU
		{1E10FF53-274B-44AC-B326-7F56CCB834A9}.Debug|Any CPU.Build.0 = Debug|Any CPU
		{1E10FF53-274B-44AC-B326-7F56CCB834A9}.Release|Any CPU.ActiveCfg = Release|Any CPU
		{1E10FF53-274B-44AC-B326-7F56CCB834A9}.Release|Any CPU.Build.0 = Release|Any CPU
	EndGlobalSection
	GlobalSection(SolutionProperties) = preSolution
		HideSolutionNode = FALSE
	EndGlobalSection
	GlobalSection(ExtensibilityGlobals) = postSolution
		SolutionGuid = {35D3F2E9-2FE8-48AC-BF31-D9A1F5E3F556}
	EndGlobalSection
EndGlobal
